
Microsoft Visual Studio Solution File, Format Version 12.00
# Visual Studio 15
VisualStudioVersion = 15.0.26124.0
MinimumVisualStudioVersion = 15.0.26124.0
Project("{2150E333-8FDC-42A3-9474-1A3956D46DE8}") = "src", "src", "{02429B5B-F5C3-4D80-9DA5-8F24AFA49A64}"
EndProject
Project("{FAE04EC0-301F-11D3-BF4B-00C04F79EFBC}") = "Pools.Api", "src\Pools.Api\Pools.Api.csproj", "{6A7AC03B-5D4B-4A80-9572-597EEFD2AC38}"
EndProject
Project("{2150E333-8FDC-42A3-9474-1A3956D46DE8}") = "test", "test", "{96A719C1-F891-4AE2-9FEA-D211B0D27CE6}"
EndProject
Project("{FAE04EC0-301F-11D3-BF4B-00C04F79EFBC}") = "Pools.Api.UnitTest", "test\Pools.Api.UnitTest\Pools.Api.UnitTest.csproj", "{59CEC3D7-4296-4FEC-ACFB-83D9F4C91CA3}"
EndProject
Global
	GlobalSection(SolutionConfigurationPlatforms) = preSolution
		Debug|Any CPU = Debug|Any CPU
		Debug|x64 = Debug|x64
		Debug|x86 = Debug|x86
		Release|Any CPU = Release|Any CPU
		Release|x64 = Release|x64
		Release|x86 = Release|x86
	EndGlobalSection
	GlobalSection(SolutionProperties) = preSolution
		HideSolutionNode = FALSE
	EndGlobalSection
	GlobalSection(ProjectConfigurationPlatforms) = postSolution
		{6A7AC03B-5D4B-4A80-9572-597EEFD2AC38}.Debug|Any CPU.ActiveCfg = Debug|Any CPU
		{6A7AC03B-5D4B-4A80-9572-597EEFD2AC38}.Debug|Any CPU.Build.0 = Debug|Any CPU
		{6A7AC03B-5D4B-4A80-9572-597EEFD2AC38}.Debug|x64.ActiveCfg = Debug|Any CPU
		{6A7AC03B-5D4B-4A80-9572-597EEFD2AC38}.Debug|x64.Build.0 = Debug|Any CPU
		{6A7AC03B-5D4B-4A80-9572-597EEFD2AC38}.Debug|x86.ActiveCfg = Debug|Any CPU
		{6A7AC03B-5D4B-4A80-9572-597EEFD2AC38}.Debug|x86.Build.0 = Debug|Any CPU
		{6A7AC03B-5D4B-4A80-9572-597EEFD2AC38}.Release|Any CPU.ActiveCfg = Release|Any CPU
		{6A7AC03B-5D4B-4A80-9572-597EEFD2AC38}.Release|Any CPU.Build.0 = Release|Any CPU
		{6A7AC03B-5D4B-4A80-9572-597EEFD2AC38}.Release|x64.ActiveCfg = Release|Any CPU
		{6A7AC03B-5D4B-4A80-9572-597EEFD2AC38}.Release|x64.Build.0 = Release|Any CPU
		{6A7AC03B-5D4B-4A80-9572-597EEFD2AC38}.Release|x86.ActiveCfg = Release|Any CPU
		{6A7AC03B-5D4B-4A80-9572-597EEFD2AC38}.Release|x86.Build.0 = Release|Any CPU
		{59CEC3D7-4296-4FEC-ACFB-83D9F4C91CA3}.Debug|Any CPU.ActiveCfg = Debug|Any CPU
		{59CEC3D7-4296-4FEC-ACFB-83D9F4C91CA3}.Debug|Any CPU.Build.0 = Debug|Any CPU
		{59CEC3D7-4296-4FEC-ACFB-83D9F4C91CA3}.Debug|x64.ActiveCfg = Debug|Any CPU
		{59CEC3D7-4296-4FEC-ACFB-83D9F4C91CA3}.Debug|x64.Build.0 = Debug|Any CPU
		{59CEC3D7-4296-4FEC-ACFB-83D9F4C91CA3}.Debug|x86.ActiveCfg = Debug|Any CPU
		{59CEC3D7-4296-4FEC-ACFB-83D9F4C91CA3}.Debug|x86.Build.0 = Debug|Any CPU
		{59CEC3D7-4296-4FEC-ACFB-83D9F4C91CA3}.Release|Any CPU.ActiveCfg = Release|Any CPU
		{59CEC3D7-4296-4FEC-ACFB-83D9F4C91CA3}.Release|Any CPU.Build.0 = Release|Any CPU
		{59CEC3D7-4296-4FEC-ACFB-83D9F4C91CA3}.Release|x64.ActiveCfg = Release|Any CPU
		{59CEC3D7-4296-4FEC-ACFB-83D9F4C91CA3}.Release|x64.Build.0 = Release|Any CPU
		{59CEC3D7-4296-4FEC-ACFB-83D9F4C91CA3}.Release|x86.ActiveCfg = Release|Any CPU
		{59CEC3D7-4296-4FEC-ACFB-83D9F4C91CA3}.Release|x86.Build.0 = Release|Any CPU
	EndGlobalSection
	GlobalSection(NestedProjects) = preSolution
		{6A7AC03B-5D4B-4A80-9572-597EEFD2AC38} = {02429B5B-F5C3-4D80-9DA5-8F24AFA49A64}
		{59CEC3D7-4296-4FEC-ACFB-83D9F4C91CA3} = {96A719C1-F891-4AE2-9FEA-D211B0D27CE6}
	EndGlobalSection
EndGlobal
